
Microsoft Visual Studio Solution File, Format Version 12.00
# Visual Studio Version 17
VisualStudioVersion = 17.3.32929.385
MinimumVisualStudioVersion = 10.0.40219.1
Project("{FAE04EC0-301F-11D3-BF4B-00C04F79EFBC}") = "PruebaDeArreglosEnUnaLinea", "PruebaDeArreglosEnUnaLinea\PruebaDeArreglosEnUnaLinea.csproj", "{6CED9F46-E754-4086-934C-9DE7BDF1583A}"
EndProject
Global
	GlobalSection(SolutionConfigurationPlatforms) = preSolution
		Debug|Any CPU = Debug|Any CPU
		Release|Any CPU = Release|Any CPU
	EndGlobalSection
	GlobalSection(ProjectConfigurationPlatforms) = postSolution
		{6CED9F46-E754-4086-934C-9DE7BDF1583A}.Debug|Any CPU.ActiveCfg = Debug|Any CPU
		{6CED9F46-E754-4086-934C-9DE7BDF1583A}.Debug|Any CPU.Build.0 = Debug|Any CPU
		{6CED9F46-E754-4086-934C-9DE7BDF1583A}.Release|Any CPU.ActiveCfg = Release|Any CPU
		{6CED9F46-E754-4086-934C-9DE7BDF1583A}.Release|Any CPU.Build.0 = Release|Any CPU
	EndGlobalSection
	GlobalSection(SolutionProperties) = preSolution
		HideSolutionNode = FALSE
	EndGlobalSection
	GlobalSection(ExtensibilityGlobals) = postSolution
		SolutionGuid = {2953B89F-8802-4EED-A26E-6B1E0C847601}
	EndGlobalSection
EndGlobal
